{
  "requires": true,
  "lockfileVersion": 1,
  "dependencies": {
    "mobx": {
      "version": "5.15.4",
      "resolved": "https://registry.npmjs.org/mobx/-/mobx-5.15.4.tgz",
      "integrity": "sha512-xRFJxSU2Im3nrGCdjSuOTFmxVDGeqOHL+TyADCGbT0k4HHqGmx5u2yaHNryvoORpI4DfbzjJ5jPmuv+d7sioFw=="
    },
    "mobx-react-lite": {
      "version": "2.0.4",
      "resolved": "https://registry.npmjs.org/mobx-react-lite/-/mobx-react-lite-2.0.4.tgz",
      "integrity": "sha512-/iuPXh90VONdem69cxt4ipm/opQQEAm3v27eQkot9HO1eOeu+2VqGW7qTmbgShM6tqLv8FWvjc8fRwsvkoK5Qw=="
    }
  }
}
